
Microsoft Visual Studio Solution File, Format Version 12.00
# Visual Studio Version 17
VisualStudioVersion = 17.4.33213.308
MinimumVisualStudioVersion = 10.0.40219.1
Project("{9A19103F-16F7-4668-BE54-9A1E7A4F7556}") = "otdVisionTest", "otdVisionTest.csproj", "{3CEAB3DD-79AB-4EDB-BEF6-D897079C9D3C}"
EndProject
Project("{9A19103F-16F7-4668-BE54-9A1E7A4F7556}") = "otdVision", "..\otdVision\otdVision.csproj", "{56DE0154-F85C-4A0A-AF91-4C44C63438A0}"
EndProject
Global
	GlobalSection(SolutionConfigurationPlatforms) = preSolution
		Debug|Any CPU = Debug|Any CPU
		Release|Any CPU = Release|Any CPU
	EndGlobalSection
	GlobalSection(ProjectConfigurationPlatforms) = postSolution
		{3CEAB3DD-79AB-4EDB-BEF6-D897079C9D3C}.Debug|Any CPU.ActiveCfg = Debug|Any CPU
		{3CEAB3DD-79AB-4EDB-BEF6-D897079C9D3C}.Debug|Any CPU.Build.0 = Debug|Any CPU
		{3CEAB3DD-79AB-4EDB-BEF6-D897079C9D3C}.Release|Any CPU.ActiveCfg = Release|Any CPU
		{3CEAB3DD-79AB-4EDB-BEF6-D897079C9D3C}.Release|Any CPU.Build.0 = Release|Any CPU
		{56DE0154-F85C-4A0A-AF91-4C44C63438A0}.Debug|Any CPU.ActiveCfg = Debug|Any CPU
		{56DE0154-F85C-4A0A-AF91-4C44C63438A0}.Debug|Any CPU.Build.0 = Debug|Any CPU
		{56DE0154-F85C-4A0A-AF91-4C44C63438A0}.Release|Any CPU.ActiveCfg = Release|Any CPU
		{56DE0154-F85C-4A0A-AF91-4C44C63438A0}.Release|Any CPU.Build.0 = Release|Any CPU
	EndGlobalSection
	GlobalSection(SolutionProperties) = preSolution
		HideSolutionNode = FALSE
	EndGlobalSection
	GlobalSection(ExtensibilityGlobals) = postSolution
		SolutionGuid = {6D12CC93-C8E9-4227-95C1-EB84F302945E}
	EndGlobalSection
EndGlobal
